// !$*UTF8*$!
{
	archiveVersion = 1;
	classes = {
	};
	objectVersion = 48;
	objects = {

/* Begin PBXBuildFile section */
		F5CF28BE1F8AFE300089972D /* AppDelegate.swift in Sources */ = {isa = PBXBuildFile; fileRef = F5CF28BD1F8AFE300089972D /* AppDelegate.swift */; };
		F5CF28C01F8AFE300089972D /* ViewController.swift in Sources */ = {isa = PBXBuildFile; fileRef = F5CF28BF1F8AFE300089972D /* ViewController.swift */; };
		F5CF28C31F8AFE300089972D /* Main.storyboard in Resources */ = {isa = PBXBuildFile; fileRef = F5CF28C11F8AFE300089972D /* Main.storyboard */; };
		F5CF28C51F8AFE300089972D /* Assets.xcassets in Resources */ = {isa = PBXBuildFile; fileRef = F5CF28C41F8AFE300089972D /* Assets.xcassets */; };
		F5CF28C81F8AFE300089972D /* LaunchScreen.storyboard in Resources */ = {isa = PBXBuildFile; fileRef = F5CF28C61F8AFE300089972D /* LaunchScreen.storyboard */; };
		F5CF28D01F8AFE440089972D /* logo.png in Resources */ = {isa = PBXBuildFile; fileRef = F5CF28CF1F8AFE400089972D /* logo.png */; };
/* End PBXBuildFile section */

/* Begin PBXFileReference section */
		F5CF28BA1F8AFE300089972D /* EthanolOrGasoline.app */ = {isa = PBXFileReference; explicitFileType = wrapper.application; includeInIndex = 0; path = EthanolOrGasoline.app; sourceTree = BUILT_PRODUCTS_DIR; };
		F5CF28BD1F8AFE300089972D /* AppDelegate.swift */ = {isa = PBXFileReference; lastKnownFileType = sourcecode.swift; path = AppDelegate.swift; sourceTree = "<group>"; };
		F5CF28BF1F8AFE300089972D /* ViewController.swift */ = {isa = PBXFileReference; lastKnownFileType = sourcecode.swift; path = ViewController.swift; sourceTree = "<group>"; };
		F5CF28C21F8AFE300089972D /* Base */ = {isa = PBXFileReference; lastKnownFileType = file.storyboard; name = Base; path = Base.lproj/Main.storyboard; sourceTree = "<group>"; };
		F5CF28C41F8AFE300089972D /* Assets.xcassets */ = {isa = PBXFileReference; lastKnownFileType = folder.assetcatalog; path = Assets.xcassets; sourceTree = "<group>"; };
		F5CF28C71F8AFE300089972D /* Base */ = {isa = PBXFileReference; lastKnownFileType = file.storyboard; name = Base; path = Base.lproj/LaunchScreen.storyboard; sourceTree = "<group>"; };
		F5CF28C91F8AFE300089972D /* Info.plist */ = {isa = PBXFileReference; lastKnownFileType = text.plist.xml; path = Info.plist; sourceTree = "<group>"; };
		F5CF28CF1F8AFE400089972D /* logo.png */ = {isa = PBXFileReference; lastKnownFileType = image.png; path = logo.png; sourceTree = "<group>"; };
/* End PBXFileReference section */

/* Begin PBXFrameworksBuildPhase section */
		F5CF28B71F8AFE300089972D /* Frameworks */ = {
			isa = PBXFrameworksBuildPhase;
			buildActionMask = 2147483647;
			files = (
			);
			runOnlyForDeploymentPostprocessing = 0;
		};
/* End PBXFrameworksBuildPhase section */

/* Begin PBXGroup section */
		F5CF28B11F8AFE300089972D = {
			isa = PBXGroup;
			children = (
				F5CF28BC1F8AFE300089972D /* EthanolOrGasoline */,
				F5CF28BB1F8AFE300089972D /* Products */,
			);
			sourceTree = "<group>";
		};
		F5CF28BB1F8AFE300089972D /* Products */ = {
			isa = PBXGroup;
			children = (
				F5CF28BA1F8AFE300089972D /* EthanolOrGasoline.app */,
			);
			name = Products;
			sourceTree = "<group>";
		};
		F5CF28BC1F8AFE300089972D /* EthanolOrGasoline */ = {
			isa = PBXGroup;
			children = (
				F5CF28CF1F8AFE400089972D /* logo.png */,
				F5CF28BD1F8AFE300089972D /* AppDelegate.swift */,
				F5CF28BF1F8AFE300089972D /* ViewController.swift */,
				F5CF28C11F8AFE300089972D /* Main.storyboard */,
				F5CF28C41F8AFE300089972D /* Assets.xcassets */,
				F5CF28C61F8AFE300089972D /* LaunchScreen.storyboard */,
				F5CF28C91F8AFE300089972D /* Info.plist */,
			);
			path = EthanolOrGasoline;
			sourceTree = "<group>";
		};
/* End PBXGroup section */

/* Begin PBXNativeTarget section */
		F5CF28B91F8AFE300089972D /* EthanolOrGasoline */ = {
			isa = PBXNativeTarget;
			buildConfigurationList = F5CF28CC1F8AFE300089972D /* Build configuration list for PBXNativeTarget "EthanolOrGasoline" */;
			buildPhases = (
				F5CF28B61F8AFE300089972D /* Sources */,
				F5CF28B71F8AFE300089972D /* Frameworks */,
				F5CF28B81F8AFE300089972D /* Resources */,
			);
			buildRules = (
			);
			dependencies = (
			);
			name = EthanolOrGasoline;
			productName = EthanolOrGasoline;
			productReference = F5CF28BA1F8AFE300089972D /* EthanolOrGasoline.app */;
			productType = "com.apple.product-type.application";
		};
/* End PBXNativeTarget section */

/* Begin PBXProject section */
		F5CF28B21F8AFE300089972D /* Project object */ = {
			isa = PBXProject;
			attributes = {
				LastSwiftUpdateCheck = 0900;
				LastUpgradeCheck = 0900;
				ORGANIZATIONNAME = "Fernando Seguim";
				TargetAttributes = {
					F5CF28B91F8AFE300089972D = {
						CreatedOnToolsVersion = 9.0;
						ProvisioningStyle = Automatic;
					};
				};
			};
			buildConfigurationList = F5CF28B51F8AFE300089972D /* Build configuration list for PBXProject "EthanolOrGasoline" */;
			compatibilityVersion = "Xcode 8.0";
			developmentRegion = en;
			hasScannedForEncodings = 0;
			knownRegions = (
				en,
				Base,
			);
			mainGroup = F5CF28B11F8AFE300089972D;
			productRefGroup = F5CF28BB1F8AFE300089972D /* Products */;
			projectDirPath = "";
			projectRoot = "";
			targets = (
				F5CF28B91F8AFE300089972D /* EthanolOrGasoline */,
			);
		};
/* End PBXProject section */

/* Begin PBXResourcesBuildPhase section */
		F5CF28B81F8AFE300089972D /* Resources */ = {
			isa = PBXResourcesBuildPhase;
			buildActionMask = 2147483647;
			files = (
				F5CF28D01F8AFE440089972D /* logo.png in Resources */,
				F5CF28C81F8AFE300089972D /* LaunchScreen.storyboard in Resources */,
				F5CF28C51F8AFE300089972D /* Assets.xcassets in Resources */,
				F5CF28C31F8AFE300089972D /* Main.storyboard in Resources */,
			);
			runOnlyForDeploymentPostprocessing = 0;
		};
/* End PBXResourcesBuildPhase section */

/* Begin PBXSourcesBuildPhase section */
		F5CF28B61F8AFE300089972D /* Sources */ = {
			isa = PBXSourcesBuildPhase;
			buildActionMask = 2147483647;
			files = (
				F5CF28C01F8AFE300089972D /* ViewController.swift in Sources */,
				F5CF28BE1F8AFE300089972D /* AppDelegate.swift in Sources */,
			);
			runOnlyForDeploymentPostprocessing = 0;
		};
/* End PBXSourcesBuildPhase section */

/* Begin PBXVariantGroup section */
		F5CF28C11F8AFE300089972D /* Main.storyboard */ = {
			isa = PBXVariantGroup;
			children = (
				F5CF28C21F8AFE300089972D /* Base */,
			);
			name = Main.storyboard;
			sourceTree = "<group>";
		};
		F5CF28C61F8AFE300089972D /* LaunchScreen.storyboard */ = {
			isa = PBXVariantGroup;
			children = (
				F5CF28C71F8AFE300089972D /* Base */,
			);
			name = LaunchScreen.storyboard;
			sourceTree = "<group>";
		};
/* End PBXVariantGroup section */

/* Begin XCBuildConfiguration section */
		F5CF28CA1F8AFE300089972D /* Debug */ = {
			isa = XCBuildConfiguration;
			buildSettings = {
				ALWAYS_SEARCH_USER_PATHS = NO;
				CLANG_ANALYZER_NONNULL = YES;
				CLANG_ANALYZER_NUMBER_OBJECT_CONVERSION = YES_AGGRESSIVE;
				CLANG_CXX_LANGUAGE_STANDARD = "gnu++14";
				CLANG_CXX_LIBRARY = "libc++";
				CLANG_ENABLE_MODULES = YES;
				CLANG_ENABLE_OBJC_ARC = YES;
				CLANG_WARN_BLOCK_CAPTURE_AUTORELEASING = YES;
				CLANG_WARN_BOOL_CONVERSION = YES;
				CLANG_WARN_COMMA = YES;
				CLANG_WARN_CONSTANT_CONVERSION = YES;
				CLANG_WARN_DIRECT_OBJC_ISA_USAGE = YES_ERROR;
				CLANG_WARN_DOCUMENTATION_COMMENTS = YES;
				CLANG_WARN_EMPTY_BODY = YES;
				CLANG_WARN_ENUM_CONVERSION = YES;
				CLANG_WARN_INFINITE_RECURSION = YES;
				CLANG_WARN_INT_CONVERSION = YES;
				CLANG_WARN_NON_LITERAL_NULL_CONVERSION = YES;
				CLANG_WARN_OBJC_LITERAL_CONVERSION = YES;
				CLANG_WARN_OBJC_ROOT_CLASS = YES_ERROR;
				CLANG_WARN_RANGE_LOOP_ANALYSIS = YES;
				CLANG_WARN_STRICT_PROTOTYPES = YES;
				CLANG_WARN_SUSPICIOUS_MOVE = YES;
				CLANG_WARN_UNGUARDED_AVAILABILITY = YES_AGGRESSIVE;
				CLANG_WARN_UNREACHABLE_CODE = YES;
				CLANG_WARN__DUPLICATE_METHOD_MATCH = YES;
				CODE_SIGN_IDENTITY = "iPhone Developer";
				COPY_PHASE_STRIP = NO;
				DEBUG_INFORMATION_FORMAT = dwarf;
				ENABLE_STRICT_OBJC_MSGSEND = YES;
				ENABLE_TESTABILITY = YES;
				GCC_C_LANGUAGE_STANDARD = gnu11;
				GCC_DYNAMIC_NO_PIC = NO;
				GCC_NO_COMMON_BLOCKS = YES;
				GCC_OPTIMIZATION_LEVEL = 0;
				GCC_PREPROCESSOR_DEFINITIONS = (
					"DEBUG=1",
					"$(inherited)",
				);
				GCC_WARN_64_TO_32_BIT_CONVERSION = YES;
				GCC_WARN_ABOUT_RETURN_TYPE = YES_ERROR;
				GCC_WARN_UNDECLARED_SELECTOR = YES;
				GCC_WARN_UNINITIALIZED_AUTOS = YES_AGGRESSIVE;
				GCC_WARN_UNUSED_FUNCTION = YES;
				GCC_WARN_UNUSED_VARIABLE = YES;
				IPHONEOS_DEPLOYMENT_TARGET = 11.0;
				MTL_ENABLE_DEBUG_INFO = YES;
				ONLY_ACTIVE_ARCH = YES;
				SDKROOT = iphoneos;
				SWIFT_ACTIVE_COMPILATION_CONDITIONS = DEBUG;
				SWIFT_OPTIMIZATION_LEVEL = "-Onone";
			};
			name = Debug;
		};
		F5CF28CB1F8AFE300089972D /* Release */ = {
			isa = XCBuildConfiguration;
			buildSettings = {
				ALWAYS_SEARCH_USER_PATHS = NO;
				CLANG_ANALYZER_NONNULL = YES;
				CLANG_ANALYZER_NUMBER_OBJECT_CONVERSION = YES_AGGRESSIVE;
				CLANG_CXX_LANGUAGE_STANDARD = "gnu++14";
				CLANG_CXX_LIBRARY = "libc++";
				CLANG_ENABLE_MODULES = YES;
				CLANG_ENABLE_OBJC_ARC = YES;
				CLANG_WARN_BLOCK_CAPTURE_AUTORELEASING = YES;
				CLANG_WARN_BOOL_CONVERSION = YES;
				CLANG_WARN_COMMA = YES;
				CLANG_WARN_CONSTANT_CONVERSION = YES;
				CLANG_WARN_DIRECT_OBJC_ISA_USAGE = YES_ERROR;
				CLANG_WARN_DOCUMENTATION_COMMENTS = YES;
				CLANG_WARN_EMPTY_BODY = YES;
				CLANG_WARN_ENUM_CONVERSION = YES;
				CLANG_WARN_INFINITE_RECURSION = YES;
				CLANG_WARN_INT_CONVERSION = YES;
				CLANG_WARN_NON_LITERAL_NULL_CONVERSION = YES;
				CLANG_WARN_OBJC_LITERAL_CONVERSION = YES;
				CLANG_WARN_OBJC_ROOT_CLASS = YES_ERROR;
				CLANG_WARN_RANGE_LOOP_ANALYSIS = YES;
				CLANG_WARN_STRICT_PROTOTYPES = YES;
				CLANG_WARN_SUSPICIOUS_MOVE = YES;
				CLANG_WARN_UNGUARDED_AVAILABILITY = YES_AGGRESSIVE;
				CLANG_WARN_UNREACHABLE_CODE = YES;
				CLANG_WARN__DUPLICATE_METHOD_MATCH = YES;
				CODE_SIGN_IDENTITY = "iPhone Developer";
				COPY_PHASE_STRIP = NO;
				DEBUG_INFORMATION_FORMAT = "dwarf-with-dsym";
				ENABLE_NS_ASSERTIONS = NO;
				ENABLE_STRICT_OBJC_MSGSEND = YES;
				GCC_C_LANGUAGE_STANDARD = gnu11;
				GCC_NO_COMMON_BLOCKS = YES;
				GCC_WARN_64_TO_32_BIT_CONVERSION = YES;
				GCC_WARN_ABOUT_RETURN_TYPE = YES_ERROR;
				GCC_WARN_UNDECLARED_SELECTOR = YES;
				GCC_WARN_UNINITIALIZED_AUTOS = YES_AGGRESSIVE;
				GCC_WARN_UNUSED_FUNCTION = YES;
				GCC_WARN_UNUSED_VARIABLE = YES;
				IPHONEOS_DEPLOYMENT_TARGET = 11.0;
				MTL_ENABLE_DEBUG_INFO = NO;
				SDKROOT = iphoneos;
				SWIFT_OPTIMIZATION_LEVEL = "-Owholemodule";
				VALIDATE_PRODUCT = YES;
			};
			name = Release;
		};
		F5CF28CD1F8AFE300089972D /* Debug */ = {
			isa = XCBuildConfiguration;
			buildSettings = {
				ASSETCATALOG_COMPILER_APPICON_NAME = AppIcon;
				CODE_SIGN_STYLE = Automatic;
				INFOPLIST_FILE = EthanolOrGasoline/Info.plist;
				LD_RUNPATH_SEARCH_PATHS = "$(inherited) @executable_path/Frameworks";
				PRODUCT_BUNDLE_IDENTIFIER = it.seguim.apps.EthanolOrGasoline;
				PRODUCT_NAME = "$(TARGET_NAME)";
				SWIFT_VERSION = 4.0;
				TARGETED_DEVICE_FAMILY = "1,2";
			};
			name = Debug;
		};
		F5CF28CE1F8AFE300089972D /* Release */ = {
			isa = XCBuildConfiguration;
			buildSettings = {
				ASSETCATALOG_COMPILER_APPICON_NAME = AppIcon;
				CODE_SIGN_STYLE = Automatic;
				INFOPLIST_FILE = EthanolOrGasoline/Info.plist;
				LD_RUNPATH_SEARCH_PATHS = "$(inherited) @executable_path/Frameworks";
				PRODUCT_BUNDLE_IDENTIFIER = it.seguim.apps.EthanolOrGasoline;
				PRODUCT_NAME = "$(TARGET_NAME)";
				SWIFT_VERSION = 4.0;
				TARGETED_DEVICE_FAMILY = "1,2";
			};
			name = Release;
		};
/* End XCBuildConfiguration section */

/* Begin XCConfigurationList section */
		F5CF28B51F8AFE300089972D /* Build configuration list for PBXProject "EthanolOrGasoline" */ = {
			isa = XCConfigurationList;
			buildConfigurations = (
				F5CF28CA1F8AFE300089972D /* Debug */,
				F5CF28CB1F8AFE300089972D /* Release */,
			);
			defaultConfigurationIsVisible = 0;
			defaultConfigurationName = Release;
		};
		F5CF28CC1F8AFE300089972D /* Build configuration list for PBXNativeTarget "EthanolOrGasoline" */ = {
			isa = XCConfigurationList;
			buildConfigurations = (
				F5CF28CD1F8AFE300089972D /* Debug */,
				F5CF28CE1F8AFE300089972D /* Release */,
			);
			defaultConfigurationIsVisible = 0;
			defaultConfigurationName = Release;
		};
/* End XCConfigurationList section */
	};
	rootObject = F5CF28B21F8AFE300089972D /* Project object */;
}
