// !$*UTF8*$!
{
	archiveVersion = 1;
	classes = {
	};
	objectVersion = 48;
	objects = {

/* Begin PBXBuildFile section */
		F5E70AE51F8A661C009ECD4E /* AppDelegate.swift in Sources */ = {isa = PBXBuildFile; fileRef = F5E70AE41F8A661C009ECD4E /* AppDelegate.swift */; };
		F5E70AE71F8A661C009ECD4E /* ViewController.swift in Sources */ = {isa = PBXBuildFile; fileRef = F5E70AE61F8A661C009ECD4E /* ViewController.swift */; };
		F5E70AEA1F8A661C009ECD4E /* Main.storyboard in Resources */ = {isa = PBXBuildFile; fileRef = F5E70AE81F8A661C009ECD4E /* Main.storyboard */; };
		F5E70AEC1F8A661C009ECD4E /* Assets.xcassets in Resources */ = {isa = PBXBuildFile; fileRef = F5E70AEB1F8A661C009ECD4E /* Assets.xcassets */; };
		F5E70AEF1F8A661C009ECD4E /* LaunchScreen.storyboard in Resources */ = {isa = PBXBuildFile; fileRef = F5E70AED1F8A661C009ECD4E /* LaunchScreen.storyboard */; };
		F5E70AF71F8A803F009ECD4E /* cachorro.png in Resources */ = {isa = PBXBuildFile; fileRef = F5E70AF61F8A7701009ECD4E /* cachorro.png */; };
/* End PBXBuildFile section */

/* Begin PBXFileReference section */
		F5E70AE11F8A661C009ECD4E /* PuppyAgeCalculator.app */ = {isa = PBXFileReference; explicitFileType = wrapper.application; includeInIndex = 0; path = PuppyAgeCalculator.app; sourceTree = BUILT_PRODUCTS_DIR; };
		F5E70AE41F8A661C009ECD4E /* AppDelegate.swift */ = {isa = PBXFileReference; lastKnownFileType = sourcecode.swift; path = AppDelegate.swift; sourceTree = "<group>"; };
		F5E70AE61F8A661C009ECD4E /* ViewController.swift */ = {isa = PBXFileReference; lastKnownFileType = sourcecode.swift; path = ViewController.swift; sourceTree = "<group>"; };
		F5E70AE91F8A661C009ECD4E /* Base */ = {isa = PBXFileReference; lastKnownFileType = file.storyboard; name = Base; path = Base.lproj/Main.storyboard; sourceTree = "<group>"; };
		F5E70AEB1F8A661C009ECD4E /* Assets.xcassets */ = {isa = PBXFileReference; lastKnownFileType = folder.assetcatalog; path = Assets.xcassets; sourceTree = "<group>"; };
		F5E70AEE1F8A661C009ECD4E /* Base */ = {isa = PBXFileReference; lastKnownFileType = file.storyboard; name = Base; path = Base.lproj/LaunchScreen.storyboard; sourceTree = "<group>"; };
		F5E70AF01F8A661C009ECD4E /* Info.plist */ = {isa = PBXFileReference; lastKnownFileType = text.plist.xml; path = Info.plist; sourceTree = "<group>"; };
		F5E70AF61F8A7701009ECD4E /* cachorro.png */ = {isa = PBXFileReference; lastKnownFileType = image.png; path = cachorro.png; sourceTree = "<group>"; };
/* End PBXFileReference section */

/* Begin PBXFrameworksBuildPhase section */
		F5E70ADE1F8A661C009ECD4E /* Frameworks */ = {
			isa = PBXFrameworksBuildPhase;
			buildActionMask = 2147483647;
			files = (
			);
			runOnlyForDeploymentPostprocessing = 0;
		};
/* End PBXFrameworksBuildPhase section */

/* Begin PBXGroup section */
		F5E70AD81F8A661C009ECD4E = {
			isa = PBXGroup;
			children = (
				F5E70AE31F8A661C009ECD4E /* PuppyAgeCalculator */,
				F5E70AE21F8A661C009ECD4E /* Products */,
			);
			sourceTree = "<group>";
		};
		F5E70AE21F8A661C009ECD4E /* Products */ = {
			isa = PBXGroup;
			children = (
				F5E70AE11F8A661C009ECD4E /* PuppyAgeCalculator.app */,
			);
			name = Products;
			sourceTree = "<group>";
		};
		F5E70AE31F8A661C009ECD4E /* PuppyAgeCalculator */ = {
			isa = PBXGroup;
			children = (
				F5E70AF61F8A7701009ECD4E /* cachorro.png */,
				F5E70AE41F8A661C009ECD4E /* AppDelegate.swift */,
				F5E70AE61F8A661C009ECD4E /* ViewController.swift */,
				F5E70AE81F8A661C009ECD4E /* Main.storyboard */,
				F5E70AEB1F8A661C009ECD4E /* Assets.xcassets */,
				F5E70AED1F8A661C009ECD4E /* LaunchScreen.storyboard */,
				F5E70AF01F8A661C009ECD4E /* Info.plist */,
			);
			path = PuppyAgeCalculator;
			sourceTree = "<group>";
		};
/* End PBXGroup section */

/* Begin PBXNativeTarget section */
		F5E70AE01F8A661C009ECD4E /* PuppyAgeCalculator */ = {
			isa = PBXNativeTarget;
			buildConfigurationList = F5E70AF31F8A661C009ECD4E /* Build configuration list for PBXNativeTarget "PuppyAgeCalculator" */;
			buildPhases = (
				F5E70ADD1F8A661C009ECD4E /* Sources */,
				F5E70ADE1F8A661C009ECD4E /* Frameworks */,
				F5E70ADF1F8A661C009ECD4E /* Resources */,
			);
			buildRules = (
			);
			dependencies = (
			);
			name = PuppyAgeCalculator;
			productName = PuppyAgeCalculator;
			productReference = F5E70AE11F8A661C009ECD4E /* PuppyAgeCalculator.app */;
			productType = "com.apple.product-type.application";
		};
/* End PBXNativeTarget section */

/* Begin PBXProject section */
		F5E70AD91F8A661C009ECD4E /* Project object */ = {
			isa = PBXProject;
			attributes = {
				LastSwiftUpdateCheck = 0900;
				LastUpgradeCheck = 0900;
				ORGANIZATIONNAME = "Fernando Seguim";
				TargetAttributes = {
					F5E70AE01F8A661C009ECD4E = {
						CreatedOnToolsVersion = 9.0;
						ProvisioningStyle = Automatic;
					};
				};
			};
			buildConfigurationList = F5E70ADC1F8A661C009ECD4E /* Build configuration list for PBXProject "PuppyAgeCalculator" */;
			compatibilityVersion = "Xcode 8.0";
			developmentRegion = en;
			hasScannedForEncodings = 0;
			knownRegions = (
				en,
				Base,
			);
			mainGroup = F5E70AD81F8A661C009ECD4E;
			productRefGroup = F5E70AE21F8A661C009ECD4E /* Products */;
			projectDirPath = "";
			projectRoot = "";
			targets = (
				F5E70AE01F8A661C009ECD4E /* PuppyAgeCalculator */,
			);
		};
/* End PBXProject section */

/* Begin PBXResourcesBuildPhase section */
		F5E70ADF1F8A661C009ECD4E /* Resources */ = {
			isa = PBXResourcesBuildPhase;
			buildActionMask = 2147483647;
			files = (
				F5E70AF71F8A803F009ECD4E /* cachorro.png in Resources */,
				F5E70AEF1F8A661C009ECD4E /* LaunchScreen.storyboard in Resources */,
				F5E70AEC1F8A661C009ECD4E /* Assets.xcassets in Resources */,
				F5E70AEA1F8A661C009ECD4E /* Main.storyboard in Resources */,
			);
			runOnlyForDeploymentPostprocessing = 0;
		};
/* End PBXResourcesBuildPhase section */

/* Begin PBXSourcesBuildPhase section */
		F5E70ADD1F8A661C009ECD4E /* Sources */ = {
			isa = PBXSourcesBuildPhase;
			buildActionMask = 2147483647;
			files = (
				F5E70AE71F8A661C009ECD4E /* ViewController.swift in Sources */,
				F5E70AE51F8A661C009ECD4E /* AppDelegate.swift in Sources */,
			);
			runOnlyForDeploymentPostprocessing = 0;
		};
/* End PBXSourcesBuildPhase section */

/* Begin PBXVariantGroup section */
		F5E70AE81F8A661C009ECD4E /* Main.storyboard */ = {
			isa = PBXVariantGroup;
			children = (
				F5E70AE91F8A661C009ECD4E /* Base */,
			);
			name = Main.storyboard;
			sourceTree = "<group>";
		};
		F5E70AED1F8A661C009ECD4E /* LaunchScreen.storyboard */ = {
			isa = PBXVariantGroup;
			children = (
				F5E70AEE1F8A661C009ECD4E /* Base */,
			);
			name = LaunchScreen.storyboard;
			sourceTree = "<group>";
		};
/* End PBXVariantGroup section */

/* Begin XCBuildConfiguration section */
		F5E70AF11F8A661C009ECD4E /* Debug */ = {
			isa = XCBuildConfiguration;
			buildSettings = {
				ALWAYS_SEARCH_USER_PATHS = NO;
				CLANG_ANALYZER_NONNULL = YES;
				CLANG_ANALYZER_NUMBER_OBJECT_CONVERSION = YES_AGGRESSIVE;
				CLANG_CXX_LANGUAGE_STANDARD = "gnu++14";
				CLANG_CXX_LIBRARY = "libc++";
				CLANG_ENABLE_MODULES = YES;
				CLANG_ENABLE_OBJC_ARC = YES;
				CLANG_WARN_BLOCK_CAPTURE_AUTORELEASING = YES;
				CLANG_WARN_BOOL_CONVERSION = YES;
				CLANG_WARN_COMMA = YES;
				CLANG_WARN_CONSTANT_CONVERSION = YES;
				CLANG_WARN_DIRECT_OBJC_ISA_USAGE = YES_ERROR;
				CLANG_WARN_DOCUMENTATION_COMMENTS = YES;
				CLANG_WARN_EMPTY_BODY = YES;
				CLANG_WARN_ENUM_CONVERSION = YES;
				CLANG_WARN_INFINITE_RECURSION = YES;
				CLANG_WARN_INT_CONVERSION = YES;
				CLANG_WARN_NON_LITERAL_NULL_CONVERSION = YES;
				CLANG_WARN_OBJC_LITERAL_CONVERSION = YES;
				CLANG_WARN_OBJC_ROOT_CLASS = YES_ERROR;
				CLANG_WARN_RANGE_LOOP_ANALYSIS = YES;
				CLANG_WARN_STRICT_PROTOTYPES = YES;
				CLANG_WARN_SUSPICIOUS_MOVE = YES;
				CLANG_WARN_UNGUARDED_AVAILABILITY = YES_AGGRESSIVE;
				CLANG_WARN_UNREACHABLE_CODE = YES;
				CLANG_WARN__DUPLICATE_METHOD_MATCH = YES;
				CODE_SIGN_IDENTITY = "iPhone Developer";
				COPY_PHASE_STRIP = NO;
				DEBUG_INFORMATION_FORMAT = dwarf;
				ENABLE_STRICT_OBJC_MSGSEND = YES;
				ENABLE_TESTABILITY = YES;
				GCC_C_LANGUAGE_STANDARD = gnu11;
				GCC_DYNAMIC_NO_PIC = NO;
				GCC_NO_COMMON_BLOCKS = YES;
				GCC_OPTIMIZATION_LEVEL = 0;
				GCC_PREPROCESSOR_DEFINITIONS = (
					"DEBUG=1",
					"$(inherited)",
				);
				GCC_WARN_64_TO_32_BIT_CONVERSION = YES;
				GCC_WARN_ABOUT_RETURN_TYPE = YES_ERROR;
				GCC_WARN_UNDECLARED_SELECTOR = YES;
				GCC_WARN_UNINITIALIZED_AUTOS = YES_AGGRESSIVE;
				GCC_WARN_UNUSED_FUNCTION = YES;
				GCC_WARN_UNUSED_VARIABLE = YES;
				IPHONEOS_DEPLOYMENT_TARGET = 11.0;
				MTL_ENABLE_DEBUG_INFO = YES;
				ONLY_ACTIVE_ARCH = YES;
				SDKROOT = iphoneos;
				SWIFT_ACTIVE_COMPILATION_CONDITIONS = DEBUG;
				SWIFT_OPTIMIZATION_LEVEL = "-Onone";
			};
			name = Debug;
		};
		F5E70AF21F8A661C009ECD4E /* Release */ = {
			isa = XCBuildConfiguration;
			buildSettings = {
				ALWAYS_SEARCH_USER_PATHS = NO;
				CLANG_ANALYZER_NONNULL = YES;
				CLANG_ANALYZER_NUMBER_OBJECT_CONVERSION = YES_AGGRESSIVE;
				CLANG_CXX_LANGUAGE_STANDARD = "gnu++14";
				CLANG_CXX_LIBRARY = "libc++";
				CLANG_ENABLE_MODULES = YES;
				CLANG_ENABLE_OBJC_ARC = YES;
				CLANG_WARN_BLOCK_CAPTURE_AUTORELEASING = YES;
				CLANG_WARN_BOOL_CONVERSION = YES;
				CLANG_WARN_COMMA = YES;
				CLANG_WARN_CONSTANT_CONVERSION = YES;
				CLANG_WARN_DIRECT_OBJC_ISA_USAGE = YES_ERROR;
				CLANG_WARN_DOCUMENTATION_COMMENTS = YES;
				CLANG_WARN_EMPTY_BODY = YES;
				CLANG_WARN_ENUM_CONVERSION = YES;
				CLANG_WARN_INFINITE_RECURSION = YES;
				CLANG_WARN_INT_CONVERSION = YES;
				CLANG_WARN_NON_LITERAL_NULL_CONVERSION = YES;
				CLANG_WARN_OBJC_LITERAL_CONVERSION = YES;
				CLANG_WARN_OBJC_ROOT_CLASS = YES_ERROR;
				CLANG_WARN_RANGE_LOOP_ANALYSIS = YES;
				CLANG_WARN_STRICT_PROTOTYPES = YES;
				CLANG_WARN_SUSPICIOUS_MOVE = YES;
				CLANG_WARN_UNGUARDED_AVAILABILITY = YES_AGGRESSIVE;
				CLANG_WARN_UNREACHABLE_CODE = YES;
				CLANG_WARN__DUPLICATE_METHOD_MATCH = YES;
				CODE_SIGN_IDENTITY = "iPhone Developer";
				COPY_PHASE_STRIP = NO;
				DEBUG_INFORMATION_FORMAT = "dwarf-with-dsym";
				ENABLE_NS_ASSERTIONS = NO;
				ENABLE_STRICT_OBJC_MSGSEND = YES;
				GCC_C_LANGUAGE_STANDARD = gnu11;
				GCC_NO_COMMON_BLOCKS = YES;
				GCC_WARN_64_TO_32_BIT_CONVERSION = YES;
				GCC_WARN_ABOUT_RETURN_TYPE = YES_ERROR;
				GCC_WARN_UNDECLARED_SELECTOR = YES;
				GCC_WARN_UNINITIALIZED_AUTOS = YES_AGGRESSIVE;
				GCC_WARN_UNUSED_FUNCTION = YES;
				GCC_WARN_UNUSED_VARIABLE = YES;
				IPHONEOS_DEPLOYMENT_TARGET = 11.0;
				MTL_ENABLE_DEBUG_INFO = NO;
				SDKROOT = iphoneos;
				SWIFT_OPTIMIZATION_LEVEL = "-Owholemodule";
				VALIDATE_PRODUCT = YES;
			};
			name = Release;
		};
		F5E70AF41F8A661C009ECD4E /* Debug */ = {
			isa = XCBuildConfiguration;
			buildSettings = {
				ASSETCATALOG_COMPILER_APPICON_NAME = AppIcon;
				"CODE_SIGN_IDENTITY[sdk=iphoneos*]" = "iPhone Developer";
				CODE_SIGN_STYLE = Automatic;
				DEVELOPMENT_TEAM = "";
				INFOPLIST_FILE = PuppyAgeCalculator/Info.plist;
				LD_RUNPATH_SEARCH_PATHS = "$(inherited) @executable_path/Frameworks";
				PRODUCT_BUNDLE_IDENTIFIER = it.seguim.apps.PuppyAgeCalculator;
				PRODUCT_NAME = "$(TARGET_NAME)";
				PROVISIONING_PROFILE_SPECIFIER = "";
				SWIFT_VERSION = 4.0;
				TARGETED_DEVICE_FAMILY = "1,2";
			};
			name = Debug;
		};
		F5E70AF51F8A661C009ECD4E /* Release */ = {
			isa = XCBuildConfiguration;
			buildSettings = {
				ASSETCATALOG_COMPILER_APPICON_NAME = AppIcon;
				"CODE_SIGN_IDENTITY[sdk=iphoneos*]" = "iPhone Developer";
				CODE_SIGN_STYLE = Automatic;
				DEVELOPMENT_TEAM = "";
				INFOPLIST_FILE = PuppyAgeCalculator/Info.plist;
				LD_RUNPATH_SEARCH_PATHS = "$(inherited) @executable_path/Frameworks";
				PRODUCT_BUNDLE_IDENTIFIER = it.seguim.apps.PuppyAgeCalculator;
				PRODUCT_NAME = "$(TARGET_NAME)";
				PROVISIONING_PROFILE_SPECIFIER = "";
				SWIFT_VERSION = 4.0;
				TARGETED_DEVICE_FAMILY = "1,2";
			};
			name = Release;
		};
/* End XCBuildConfiguration section */

/* Begin XCConfigurationList section */
		F5E70ADC1F8A661C009ECD4E /* Build configuration list for PBXProject "PuppyAgeCalculator" */ = {
			isa = XCConfigurationList;
			buildConfigurations = (
				F5E70AF11F8A661C009ECD4E /* Debug */,
				F5E70AF21F8A661C009ECD4E /* Release */,
			);
			defaultConfigurationIsVisible = 0;
			defaultConfigurationName = Release;
		};
		F5E70AF31F8A661C009ECD4E /* Build configuration list for PBXNativeTarget "PuppyAgeCalculator" */ = {
			isa = XCConfigurationList;
			buildConfigurations = (
				F5E70AF41F8A661C009ECD4E /* Debug */,
				F5E70AF51F8A661C009ECD4E /* Release */,
			);
			defaultConfigurationIsVisible = 0;
			defaultConfigurationName = Release;
		};
/* End XCConfigurationList section */
	};
	rootObject = F5E70AD91F8A661C009ECD4E /* Project object */;
}
